
Microsoft Visual Studio Solution File, Format Version 12.00
# Visual Studio 15
Project("{FAE04EC0-301F-11D3-BF4B-00C04F79EFBC}") = "JenkinsMSICreation", "JenkinsMSICreation\JenkinsMSICreation.csproj", "{D796CE55-878F-45BE-9E4A-7332DF627F40}"
EndProject
Global
	GlobalSection(SolutionConfigurationPlatforms) = preSolution
		Debug|anycpu = Debug|anycpu
		Release|anycpu = Release|anycpu
	EndGlobalSection
	GlobalSection(ProjectConfigurationPlatforms) = postSolution
		{D796CE55-878F-45BE-9E4A-7332DF627F40}.Debug|anycpu.ActiveCfg = Debug|anycpu
		{D796CE55-878F-45BE-9E4A-7332DF627F40}.Debug|anycpu.Build.0 = Debug|anycpu
		{D796CE55-878F-45BE-9E4A-7332DF627F40}.Release|anycpu.ActiveCfg = Release|anycpu
		{D796CE55-878F-45BE-9E4A-7332DF627F40}.Release|anycpu.Build.0 = Release|anycpu
	EndGlobalSection
EndGlobal
